// !$*UTF8*$!
{
	archiveVersion = 1;
	classes = {
	};
	objectVersion = 56;
	objects = {

/* Begin PBXBuildFile section */
		783744682A48C67500B6878E /* UIIMageTransformer.swift in Sources */ = {isa = PBXBuildFile; fileRef = 783744672A48C67500B6878E /* UIIMageTransformer.swift */; };
		7837977B2A4AA5DB00132B2D /* DetailView.swift in Sources */ = {isa = PBXBuildFile; fileRef = 7837977A2A4AA5DA00132B2D /* DetailView.swift */; };
		7837977F2A4CE13100132B2D /* SplashScreen.swift in Sources */ = {isa = PBXBuildFile; fileRef = 7837977E2A4CE13100132B2D /* SplashScreen.swift */; };
		787DE26F2A4F4EEB0005C0D6 /* SwiftUIDigitalSignature in Frameworks */ = {isa = PBXBuildFile; productRef = 787DE26E2A4F4EEB0005C0D6 /* SwiftUIDigitalSignature */; };
		788C2F9A2A4F588B00A5EA0D /* VolunteerHoursLogger.xcdatamodeld in Sources */ = {isa = PBXBuildFile; fileRef = 78A028922A47D609005DECB7 /* VolunteerHoursLogger.xcdatamodeld */; };
		78A028882A47D607005DECB7 /* VolunteerHoursLoggerApp.swift in Sources */ = {isa = PBXBuildFile; fileRef = 78A028872A47D607005DECB7 /* VolunteerHoursLoggerApp.swift */; };
		78A0288A2A47D607005DECB7 /* ContentView.swift in Sources */ = {isa = PBXBuildFile; fileRef = 78A028892A47D607005DECB7 /* ContentView.swift */; };
		78A0288C2A47D609005DECB7 /* Assets.xcassets in Resources */ = {isa = PBXBuildFile; fileRef = 78A0288B2A47D609005DECB7 /* Assets.xcassets */; };
		78A0288F2A47D609005DECB7 /* Preview Assets.xcassets in Resources */ = {isa = PBXBuildFile; fileRef = 78A0288E2A47D609005DECB7 /* Preview Assets.xcassets */; };
		78A028912A47D609005DECB7 /* Persistence.swift in Sources */ = {isa = PBXBuildFile; fileRef = 78A028902A47D609005DECB7 /* Persistence.swift */; };
		78A0289E2A47D60A005DECB7 /* VolunteerHoursLoggerTests.swift in Sources */ = {isa = PBXBuildFile; fileRef = 78A0289D2A47D60A005DECB7 /* VolunteerHoursLoggerTests.swift */; };
		78A028A82A47D60A005DECB7 /* VolunteerHoursLoggerUITests.swift in Sources */ = {isa = PBXBuildFile; fileRef = 78A028A72A47D60A005DECB7 /* VolunteerHoursLoggerUITests.swift */; };
		78A028AA2A47D60A005DECB7 /* VolunteerHoursLoggerUITestsLaunchTests.swift in Sources */ = {isa = PBXBuildFile; fileRef = 78A028A92A47D60A005DECB7 /* VolunteerHoursLoggerUITestsLaunchTests.swift */; };
		78A028B72A47D622005DECB7 /* HoursForm.swift in Sources */ = {isa = PBXBuildFile; fileRef = 78A028B62A47D622005DECB7 /* HoursForm.swift */; };
		78C973D72A523CC200C8BB67 /* SpreadsheetView.swift in Sources */ = {isa = PBXBuildFile; fileRef = 78C973D62A523CC200C8BB67 /* SpreadsheetView.swift */; };
		78FEAD072A480312008901EC /* DataController.swift in Sources */ = {isa = PBXBuildFile; fileRef = 78FEAD062A480312008901EC /* DataController.swift */; };
		78FEAD092A4808FF008901EC /* hoursBrowser.swift in Sources */ = {isa = PBXBuildFile; fileRef = 78FEAD082A4808FF008901EC /* hoursBrowser.swift */; };
		78FEAD0B2A480DA9008901EC /* Photo.swift in Sources */ = {isa = PBXBuildFile; fileRef = 78FEAD0A2A480DA9008901EC /* Photo.swift */; };
/* End PBXBuildFile section */

/* Begin PBXContainerItemProxy section */
		78A0289A2A47D60A005DECB7 /* PBXContainerItemProxy */ = {
			isa = PBXContainerItemProxy;
			containerPortal = 78A0287C2A47D607005DECB7 /* Project object */;
			proxyType = 1;
			remoteGlobalIDString = 78A028832A47D607005DECB7;
			remoteInfo = VolunteerHoursLogger;
		};
		78A028A42A47D60A005DECB7 /* PBXContainerItemProxy */ = {
			isa = PBXContainerItemProxy;
			containerPortal = 78A0287C2A47D607005DECB7 /* Project object */;
			proxyType = 1;
			remoteGlobalIDString = 78A028832A47D607005DECB7;
			remoteInfo = VolunteerHoursLogger;
		};
/* End PBXContainerItemProxy section */

/* Begin PBXFileReference section */
		783744672A48C67500B6878E /* UIIMageTransformer.swift */ = {isa = PBXFileReference; lastKnownFileType = sourcecode.swift; path = UIIMageTransformer.swift; sourceTree = "<group>"; };
		7837977A2A4AA5DA00132B2D /* DetailView.swift */ = {isa = PBXFileReference; lastKnownFileType = sourcecode.swift; path = DetailView.swift; sourceTree = "<group>"; };
		7837977E2A4CE13100132B2D /* SplashScreen.swift */ = {isa = PBXFileReference; lastKnownFileType = sourcecode.swift; path = SplashScreen.swift; sourceTree = "<group>"; };
		78A028842A47D607005DECB7 /* Volunteerific.app */ = {isa = PBXFileReference; explicitFileType = wrapper.application; includeInIndex = 0; path = Volunteerific.app; sourceTree = BUILT_PRODUCTS_DIR; };
		78A028872A47D607005DECB7 /* VolunteerHoursLoggerApp.swift */ = {isa = PBXFileReference; lastKnownFileType = sourcecode.swift; path = VolunteerHoursLoggerApp.swift; sourceTree = "<group>"; };
		78A028892A47D607005DECB7 /* ContentView.swift */ = {isa = PBXFileReference; lastKnownFileType = sourcecode.swift; path = ContentView.swift; sourceTree = "<group>"; };
		78A0288B2A47D609005DECB7 /* Assets.xcassets */ = {isa = PBXFileReference; lastKnownFileType = folder.assetcatalog; name = Assets.xcassets; path = VolunteerHoursLogger/Assets.xcassets; sourceTree = SOURCE_ROOT; };
		78A0288E2A47D609005DECB7 /* Preview Assets.xcassets */ = {isa = PBXFileReference; lastKnownFileType = folder.assetcatalog; path = "Preview Assets.xcassets"; sourceTree = "<group>"; };
		78A028902A47D609005DECB7 /* Persistence.swift */ = {isa = PBXFileReference; lastKnownFileType = sourcecode.swift; path = Persistence.swift; sourceTree = "<group>"; };
		78A028932A47D609005DECB7 /* VolunteerHoursLogger.xcdatamodel */ = {isa = PBXFileReference; lastKnownFileType = wrapper.xcdatamodel; path = VolunteerHoursLogger.xcdatamodel; sourceTree = "<group>"; };
		78A028992A47D60A005DECB7 /* VolunteerHoursLoggerTests.xctest */ = {isa = PBXFileReference; explicitFileType = wrapper.cfbundle; includeInIndex = 0; path = VolunteerHoursLoggerTests.xctest; sourceTree = BUILT_PRODUCTS_DIR; };
		78A0289D2A47D60A005DECB7 /* VolunteerHoursLoggerTests.swift */ = {isa = PBXFileReference; lastKnownFileType = sourcecode.swift; path = VolunteerHoursLoggerTests.swift; sourceTree = "<group>"; };
		78A028A32A47D60A005DECB7 /* VolunteerHoursLoggerUITests.xctest */ = {isa = PBXFileReference; explicitFileType = wrapper.cfbundle; includeInIndex = 0; path = VolunteerHoursLoggerUITests.xctest; sourceTree = BUILT_PRODUCTS_DIR; };
		78A028A72A47D60A005DECB7 /* VolunteerHoursLoggerUITests.swift */ = {isa = PBXFileReference; lastKnownFileType = sourcecode.swift; path = VolunteerHoursLoggerUITests.swift; sourceTree = "<group>"; };
		78A028A92A47D60A005DECB7 /* VolunteerHoursLoggerUITestsLaunchTests.swift */ = {isa = PBXFileReference; lastKnownFileType = sourcecode.swift; path = VolunteerHoursLoggerUITestsLaunchTests.swift; sourceTree = "<group>"; };
		78A028B62A47D622005DECB7 /* HoursForm.swift */ = {isa = PBXFileReference; lastKnownFileType = sourcecode.swift; path = HoursForm.swift; sourceTree = "<group>"; };
		78C973D62A523CC200C8BB67 /* SpreadsheetView.swift */ = {isa = PBXFileReference; lastKnownFileType = sourcecode.swift; path = SpreadsheetView.swift; sourceTree = "<group>"; };
		78FEAD062A480312008901EC /* DataController.swift */ = {isa = PBXFileReference; lastKnownFileType = sourcecode.swift; path = DataController.swift; sourceTree = "<group>"; };
		78FEAD082A4808FF008901EC /* hoursBrowser.swift */ = {isa = PBXFileReference; lastKnownFileType = sourcecode.swift; path = hoursBrowser.swift; sourceTree = "<group>"; };
		78FEAD0A2A480DA9008901EC /* Photo.swift */ = {isa = PBXFileReference; lastKnownFileType = sourcecode.swift; path = Photo.swift; sourceTree = "<group>"; };
/* End PBXFileReference section */

/* Begin PBXFrameworksBuildPhase section */
		78A028812A47D607005DECB7 /* Frameworks */ = {
			isa = PBXFrameworksBuildPhase;
			buildActionMask = 2147483647;
			files = (
				787DE26F2A4F4EEB0005C0D6 /* SwiftUIDigitalSignature in Frameworks */,
			);
			runOnlyForDeploymentPostprocessing = 0;
		};
		78A028962A47D60A005DECB7 /* Frameworks */ = {
			isa = PBXFrameworksBuildPhase;
			buildActionMask = 2147483647;
			files = (
			);
			runOnlyForDeploymentPostprocessing = 0;
		};
		78A028A02A47D60A005DECB7 /* Frameworks */ = {
			isa = PBXFrameworksBuildPhase;
			buildActionMask = 2147483647;
			files = (
			);
			runOnlyForDeploymentPostprocessing = 0;
		};
/* End PBXFrameworksBuildPhase section */

/* Begin PBXGroup section */
		78A0287B2A47D607005DECB7 = {
			isa = PBXGroup;
			children = (
				78A028862A47D607005DECB7 /* VolunteerHoursLogger */,
				78A0289C2A47D60A005DECB7 /* VolunteerHoursLoggerTests */,
				78A028A62A47D60A005DECB7 /* VolunteerHoursLoggerUITests */,
				78A028852A47D607005DECB7 /* Products */,
			);
			sourceTree = "<group>";
		};
		78A028852A47D607005DECB7 /* Products */ = {
			isa = PBXGroup;
			children = (
				78A028842A47D607005DECB7 /* Volunteerific.app */,
				78A028992A47D60A005DECB7 /* VolunteerHoursLoggerTests.xctest */,
				78A028A32A47D60A005DECB7 /* VolunteerHoursLoggerUITests.xctest */,
			);
			name = Products;
			sourceTree = "<group>";
		};
		78A028862A47D607005DECB7 /* VolunteerHoursLogger */ = {
			isa = PBXGroup;
			children = (
				783744672A48C67500B6878E /* UIIMageTransformer.swift */,
				7837977E2A4CE13100132B2D /* SplashScreen.swift */,
				78FEAD082A4808FF008901EC /* hoursBrowser.swift */,
				78FEAD0A2A480DA9008901EC /* Photo.swift */,
				78A028872A47D607005DECB7 /* VolunteerHoursLoggerApp.swift */,
				78A028892A47D607005DECB7 /* ContentView.swift */,
				78C973D62A523CC200C8BB67 /* SpreadsheetView.swift */,
				78A028B62A47D622005DECB7 /* HoursForm.swift */,
				7837977A2A4AA5DA00132B2D /* DetailView.swift */,
				78FEAD062A480312008901EC /* DataController.swift */,
				78A0288B2A47D609005DECB7 /* Assets.xcassets */,
				78A028902A47D609005DECB7 /* Persistence.swift */,
				78A028922A47D609005DECB7 /* VolunteerHoursLogger.xcdatamodeld */,
				78A0288D2A47D609005DECB7 /* Preview Content */,
			);
			path = VolunteerHoursLogger;
			sourceTree = "<group>";
		};
		78A0288D2A47D609005DECB7 /* Preview Content */ = {
			isa = PBXGroup;
			children = (
				78A0288E2A47D609005DECB7 /* Preview Assets.xcassets */,
			);
			path = "Preview Content";
			sourceTree = "<group>";
		};
		78A0289C2A47D60A005DECB7 /* VolunteerHoursLoggerTests */ = {
			isa = PBXGroup;
			children = (
				78A0289D2A47D60A005DECB7 /* VolunteerHoursLoggerTests.swift */,
			);
			path = VolunteerHoursLoggerTests;
			sourceTree = "<group>";
		};
		78A028A62A47D60A005DECB7 /* VolunteerHoursLoggerUITests */ = {
			isa = PBXGroup;
			children = (
				78A028A72A47D60A005DECB7 /* VolunteerHoursLoggerUITests.swift */,
				78A028A92A47D60A005DECB7 /* VolunteerHoursLoggerUITestsLaunchTests.swift */,
			);
			path = VolunteerHoursLoggerUITests;
			sourceTree = "<group>";
		};
/* End PBXGroup section */

/* Begin PBXNativeTarget section */
		78A028832A47D607005DECB7 /* VolunteerHoursLogger */ = {
			isa = PBXNativeTarget;
			buildConfigurationList = 78A028AD2A47D60A005DECB7 /* Build configuration list for PBXNativeTarget "VolunteerHoursLogger" */;
			buildPhases = (
				78A028802A47D607005DECB7 /* Sources */,
				78A028812A47D607005DECB7 /* Frameworks */,
				78A028822A47D607005DECB7 /* Resources */,
			);
			buildRules = (
			);
			dependencies = (
			);
			name = VolunteerHoursLogger;
			packageProductDependencies = (
				787DE26E2A4F4EEB0005C0D6 /* SwiftUIDigitalSignature */,
			);
			productName = VolunteerHoursLogger;
			productReference = 78A028842A47D607005DECB7 /* Volunteerific.app */;
			productType = "com.apple.product-type.application";
		};
		78A028982A47D60A005DECB7 /* VolunteerHoursLoggerTests */ = {
			isa = PBXNativeTarget;
			buildConfigurationList = 78A028B02A47D60A005DECB7 /* Build configuration list for PBXNativeTarget "VolunteerHoursLoggerTests" */;
			buildPhases = (
				78A028952A47D60A005DECB7 /* Sources */,
				78A028962A47D60A005DECB7 /* Frameworks */,
				78A028972A47D60A005DECB7 /* Resources */,
			);
			buildRules = (
			);
			dependencies = (
				78A0289B2A47D60A005DECB7 /* PBXTargetDependency */,
			);
			name = VolunteerHoursLoggerTests;
			productName = VolunteerHoursLoggerTests;
			productReference = 78A028992A47D60A005DECB7 /* VolunteerHoursLoggerTests.xctest */;
			productType = "com.apple.product-type.bundle.unit-test";
		};
		78A028A22A47D60A005DECB7 /* VolunteerHoursLoggerUITests */ = {
			isa = PBXNativeTarget;
			buildConfigurationList = 78A028B32A47D60A005DECB7 /* Build configuration list for PBXNativeTarget "VolunteerHoursLoggerUITests" */;
			buildPhases = (
				78A0289F2A47D60A005DECB7 /* Sources */,
				78A028A02A47D60A005DECB7 /* Frameworks */,
				78A028A12A47D60A005DECB7 /* Resources */,
			);
			buildRules = (
			);
			dependencies = (
				78A028A52A47D60A005DECB7 /* PBXTargetDependency */,
			);
			name = VolunteerHoursLoggerUITests;
			productName = VolunteerHoursLoggerUITests;
			productReference = 78A028A32A47D60A005DECB7 /* VolunteerHoursLoggerUITests.xctest */;
			productType = "com.apple.product-type.bundle.ui-testing";
		};
/* End PBXNativeTarget section */

/* Begin PBXProject section */
		78A0287C2A47D607005DECB7 /* Project object */ = {
			isa = PBXProject;
			attributes = {
				BuildIndependentTargetsInParallel = 1;
				LastSwiftUpdateCheck = 1430;
				LastUpgradeCheck = 1430;
				TargetAttributes = {
					78A028832A47D607005DECB7 = {
						CreatedOnToolsVersion = 14.3;
					};
					78A028982A47D60A005DECB7 = {
						CreatedOnToolsVersion = 14.3;
						TestTargetID = 78A028832A47D607005DECB7;
					};
					78A028A22A47D60A005DECB7 = {
						CreatedOnToolsVersion = 14.3;
						TestTargetID = 78A028832A47D607005DECB7;
					};
				};
			};
			buildConfigurationList = 78A0287F2A47D607005DECB7 /* Build configuration list for PBXProject "VolunteerHoursLogger" */;
			compatibilityVersion = "Xcode 14.0";
			developmentRegion = en;
			hasScannedForEncodings = 0;
			knownRegions = (
				en,
				Base,
			);
			mainGroup = 78A0287B2A47D607005DECB7;
			packageReferences = (
				787DE26D2A4F4EEB0005C0D6 /* XCRemoteSwiftPackageReference "swiftui-digital-signature" */,
			);
			productRefGroup = 78A028852A47D607005DECB7 /* Products */;
			projectDirPath = "";
			projectRoot = "";
			targets = (
				78A028832A47D607005DECB7 /* VolunteerHoursLogger */,
				78A028982A47D60A005DECB7 /* VolunteerHoursLoggerTests */,
				78A028A22A47D60A005DECB7 /* VolunteerHoursLoggerUITests */,
			);
		};
/* End PBXProject section */

/* Begin PBXResourcesBuildPhase section */
		78A028822A47D607005DECB7 /* Resources */ = {
			isa = PBXResourcesBuildPhase;
			buildActionMask = 2147483647;
			files = (
				78A0288F2A47D609005DECB7 /* Preview Assets.xcassets in Resources */,
				78A0288C2A47D609005DECB7 /* Assets.xcassets in Resources */,
			);
			runOnlyForDeploymentPostprocessing = 0;
		};
		78A028972A47D60A005DECB7 /* Resources */ = {
			isa = PBXResourcesBuildPhase;
			buildActionMask = 2147483647;
			files = (
			);
			runOnlyForDeploymentPostprocessing = 0;
		};
		78A028A12A47D60A005DECB7 /* Resources */ = {
			isa = PBXResourcesBuildPhase;
			buildActionMask = 2147483647;
			files = (
			);
			runOnlyForDeploymentPostprocessing = 0;
		};
/* End PBXResourcesBuildPhase section */

/* Begin PBXSourcesBuildPhase section */
		78A028802A47D607005DECB7 /* Sources */ = {
			isa = PBXSourcesBuildPhase;
			buildActionMask = 2147483647;
			files = (
				78FEAD0B2A480DA9008901EC /* Photo.swift in Sources */,
				788C2F9A2A4F588B00A5EA0D /* VolunteerHoursLogger.xcdatamodeld in Sources */,
				78A028B72A47D622005DECB7 /* HoursForm.swift in Sources */,
				78FEAD072A480312008901EC /* DataController.swift in Sources */,
				7837977B2A4AA5DB00132B2D /* DetailView.swift in Sources */,
				78A028912A47D609005DECB7 /* Persistence.swift in Sources */,
				78A0288A2A47D607005DECB7 /* ContentView.swift in Sources */,
				78C973D72A523CC200C8BB67 /* SpreadsheetView.swift in Sources */,
				7837977F2A4CE13100132B2D /* SplashScreen.swift in Sources */,
				78A028882A47D607005DECB7 /* VolunteerHoursLoggerApp.swift in Sources */,
				783744682A48C67500B6878E /* UIIMageTransformer.swift in Sources */,
				78FEAD092A4808FF008901EC /* hoursBrowser.swift in Sources */,
			);
			runOnlyForDeploymentPostprocessing = 0;
		};
		78A028952A47D60A005DECB7 /* Sources */ = {
			isa = PBXSourcesBuildPhase;
			buildActionMask = 2147483647;
			files = (
				78A0289E2A47D60A005DECB7 /* VolunteerHoursLoggerTests.swift in Sources */,
			);
			runOnlyForDeploymentPostprocessing = 0;
		};
		78A0289F2A47D60A005DECB7 /* Sources */ = {
			isa = PBXSourcesBuildPhase;
			buildActionMask = 2147483647;
			files = (
				78A028A82A47D60A005DECB7 /* VolunteerHoursLoggerUITests.swift in Sources */,
				78A028AA2A47D60A005DECB7 /* VolunteerHoursLoggerUITestsLaunchTests.swift in Sources */,
			);
			runOnlyForDeploymentPostprocessing = 0;
		};
/* End PBXSourcesBuildPhase section */

/* Begin PBXTargetDependency section */
		78A0289B2A47D60A005DECB7 /* PBXTargetDependency */ = {
			isa = PBXTargetDependency;
			target = 78A028832A47D607005DECB7 /* VolunteerHoursLogger */;
			targetProxy = 78A0289A2A47D60A005DECB7 /* PBXContainerItemProxy */;
		};
		78A028A52A47D60A005DECB7 /* PBXTargetDependency */ = {
			isa = PBXTargetDependency;
			target = 78A028832A47D607005DECB7 /* VolunteerHoursLogger */;
			targetProxy = 78A028A42A47D60A005DECB7 /* PBXContainerItemProxy */;
		};
/* End PBXTargetDependency section */

/* Begin XCBuildConfiguration section */
		78A028AB2A47D60A005DECB7 /* Debug */ = {
			isa = XCBuildConfiguration;
			buildSettings = {
				ALWAYS_SEARCH_USER_PATHS = NO;
				CLANG_ANALYZER_NONNULL = YES;
				CLANG_ANALYZER_NUMBER_OBJECT_CONVERSION = YES_AGGRESSIVE;
				CLANG_CXX_LANGUAGE_STANDARD = "gnu++20";
				CLANG_ENABLE_MODULES = YES;
				CLANG_ENABLE_OBJC_ARC = YES;
				CLANG_ENABLE_OBJC_WEAK = YES;
				CLANG_WARN_BLOCK_CAPTURE_AUTORELEASING = YES;
				CLANG_WARN_BOOL_CONVERSION = YES;
				CLANG_WARN_COMMA = YES;
				CLANG_WARN_CONSTANT_CONVERSION = YES;
				CLANG_WARN_DEPRECATED_OBJC_IMPLEMENTATIONS = YES;
				CLANG_WARN_DIRECT_OBJC_ISA_USAGE = YES_ERROR;
				CLANG_WARN_DOCUMENTATION_COMMENTS = YES;
				CLANG_WARN_EMPTY_BODY = YES;
				CLANG_WARN_ENUM_CONVERSION = YES;
				CLANG_WARN_INFINITE_RECURSION = YES;
				CLANG_WARN_INT_CONVERSION = YES;
				CLANG_WARN_NON_LITERAL_NULL_CONVERSION = YES;
				CLANG_WARN_OBJC_IMPLICIT_RETAIN_SELF = YES;
				CLANG_WARN_OBJC_LITERAL_CONVERSION = YES;
				CLANG_WARN_OBJC_ROOT_CLASS = YES_ERROR;
				CLANG_WARN_QUOTED_INCLUDE_IN_FRAMEWORK_HEADER = YES;
				CLANG_WARN_RANGE_LOOP_ANALYSIS = YES;
				CLANG_WARN_STRICT_PROTOTYPES = YES;
				CLANG_WARN_SUSPICIOUS_MOVE = YES;
				CLANG_WARN_UNGUARDED_AVAILABILITY = YES_AGGRESSIVE;
				CLANG_WARN_UNREACHABLE_CODE = YES;
				CLANG_WARN__DUPLICATE_METHOD_MATCH = YES;
				COPY_PHASE_STRIP = NO;
				DEBUG_INFORMATION_FORMAT = dwarf;
				ENABLE_STRICT_OBJC_MSGSEND = YES;
				ENABLE_TESTABILITY = YES;
				GCC_C_LANGUAGE_STANDARD = gnu11;
				GCC_DYNAMIC_NO_PIC = NO;
				GCC_NO_COMMON_BLOCKS = YES;
				GCC_OPTIMIZATION_LEVEL = 0;
				GCC_PREPROCESSOR_DEFINITIONS = (
					"DEBUG=1",
					"$(inherited)",
				);
				GCC_WARN_64_TO_32_BIT_CONVERSION = YES;
				GCC_WARN_ABOUT_RETURN_TYPE = YES_ERROR;
				GCC_WARN_UNDECLARED_SELECTOR = YES;
				GCC_WARN_UNINITIALIZED_AUTOS = YES_AGGRESSIVE;
				GCC_WARN_UNUSED_FUNCTION = YES;
				GCC_WARN_UNUSED_VARIABLE = YES;
				IPHONEOS_DEPLOYMENT_TARGET = 15.0;
				MTL_ENABLE_DEBUG_INFO = INCLUDE_SOURCE;
				MTL_FAST_MATH = YES;
				ONLY_ACTIVE_ARCH = YES;
				SDKROOT = iphoneos;
				SWIFT_ACTIVE_COMPILATION_CONDITIONS = DEBUG;
				SWIFT_OPTIMIZATION_LEVEL = "-Onone";
			};
			name = Debug;
		};
		78A028AC2A47D60A005DECB7 /* Release */ = {
			isa = XCBuildConfiguration;
			buildSettings = {
				ALWAYS_SEARCH_USER_PATHS = NO;
				CLANG_ANALYZER_NONNULL = YES;
				CLANG_ANALYZER_NUMBER_OBJECT_CONVERSION = YES_AGGRESSIVE;
				CLANG_CXX_LANGUAGE_STANDARD = "gnu++20";
				CLANG_ENABLE_MODULES = YES;
				CLANG_ENABLE_OBJC_ARC = YES;
				CLANG_ENABLE_OBJC_WEAK = YES;
				CLANG_WARN_BLOCK_CAPTURE_AUTORELEASING = YES;
				CLANG_WARN_BOOL_CONVERSION = YES;
				CLANG_WARN_COMMA = YES;
				CLANG_WARN_CONSTANT_CONVERSION = YES;
				CLANG_WARN_DEPRECATED_OBJC_IMPLEMENTATIONS = YES;
				CLANG_WARN_DIRECT_OBJC_ISA_USAGE = YES_ERROR;
				CLANG_WARN_DOCUMENTATION_COMMENTS = YES;
				CLANG_WARN_EMPTY_BODY = YES;
				CLANG_WARN_ENUM_CONVERSION = YES;
				CLANG_WARN_INFINITE_RECURSION = YES;
				CLANG_WARN_INT_CONVERSION = YES;
				CLANG_WARN_NON_LITERAL_NULL_CONVERSION = YES;
				CLANG_WARN_OBJC_IMPLICIT_RETAIN_SELF = YES;
				CLANG_WARN_OBJC_LITERAL_CONVERSION = YES;
				CLANG_WARN_OBJC_ROOT_CLASS = YES_ERROR;
				CLANG_WARN_QUOTED_INCLUDE_IN_FRAMEWORK_HEADER = YES;
				CLANG_WARN_RANGE_LOOP_ANALYSIS = YES;
				CLANG_WARN_STRICT_PROTOTYPES = YES;
				CLANG_WARN_SUSPICIOUS_MOVE = YES;
				CLANG_WARN_UNGUARDED_AVAILABILITY = YES_AGGRESSIVE;
				CLANG_WARN_UNREACHABLE_CODE = YES;
				CLANG_WARN__DUPLICATE_METHOD_MATCH = YES;
				COPY_PHASE_STRIP = NO;
				DEBUG_INFORMATION_FORMAT = "dwarf-with-dsym";
				ENABLE_NS_ASSERTIONS = NO;
				ENABLE_STRICT_OBJC_MSGSEND = YES;
				GCC_C_LANGUAGE_STANDARD = gnu11;
				GCC_NO_COMMON_BLOCKS = YES;
				GCC_WARN_64_TO_32_BIT_CONVERSION = YES;
				GCC_WARN_ABOUT_RETURN_TYPE = YES_ERROR;
				GCC_WARN_UNDECLARED_SELECTOR = YES;
				GCC_WARN_UNINITIALIZED_AUTOS = YES_AGGRESSIVE;
				GCC_WARN_UNUSED_FUNCTION = YES;
				GCC_WARN_UNUSED_VARIABLE = YES;
				IPHONEOS_DEPLOYMENT_TARGET = 15.0;
				MTL_ENABLE_DEBUG_INFO = NO;
				MTL_FAST_MATH = YES;
				SDKROOT = iphoneos;
				SWIFT_COMPILATION_MODE = wholemodule;
				SWIFT_OPTIMIZATION_LEVEL = "-O";
				VALIDATE_PRODUCT = YES;
			};
			name = Release;
		};
		78A028AE2A47D60A005DECB7 /* Debug */ = {
			isa = XCBuildConfiguration;
			buildSettings = {
				ASSETCATALOG_COMPILER_APPICON_NAME = AppIcon;
				ASSETCATALOG_COMPILER_GLOBAL_ACCENT_COLOR_NAME = AccentColor;
				CODE_SIGN_STYLE = Automatic;
				CURRENT_PROJECT_VERSION = 1;
				DEVELOPMENT_ASSET_PATHS = "\"VolunteerHoursLogger/Preview Content\"";
				DEVELOPMENT_TEAM = SU5789R8HD;
				ENABLE_PREVIEWS = YES;
				GENERATE_INFOPLIST_FILE = YES;
				INFOPLIST_KEY_UIApplicationSceneManifest_Generation = YES;
				INFOPLIST_KEY_UIApplicationSupportsIndirectInputEvents = YES;
				INFOPLIST_KEY_UILaunchScreen_Generation = YES;
				INFOPLIST_KEY_UISupportedInterfaceOrientations_iPad = "UIInterfaceOrientationPortrait UIInterfaceOrientationPortraitUpsideDown UIInterfaceOrientationLandscapeLeft UIInterfaceOrientationLandscapeRight";
				INFOPLIST_KEY_UISupportedInterfaceOrientations_iPhone = "UIInterfaceOrientationPortrait UIInterfaceOrientationLandscapeLeft UIInterfaceOrientationLandscapeRight";
				LD_RUNPATH_SEARCH_PATHS = (
					"$(inherited)",
					"@executable_path/Frameworks",
				);
				MARKETING_VERSION = 1.0;
				PRODUCT_BUNDLE_IDENTIFIER = com.VolunteerHoursLogger;
				PRODUCT_NAME = Volunteerific;
				SWIFT_EMIT_LOC_STRINGS = YES;
				SWIFT_VERSION = 5.0;
				TARGETED_DEVICE_FAMILY = "1,2";
			};
			name = Debug;
		};
		78A028AF2A47D60A005DECB7 /* Release */ = {
			isa = XCBuildConfiguration;
			buildSettings = {
				ASSETCATALOG_COMPILER_APPICON_NAME = AppIcon;
				ASSETCATALOG_COMPILER_GLOBAL_ACCENT_COLOR_NAME = AccentColor;
				CODE_SIGN_STYLE = Automatic;
				CURRENT_PROJECT_VERSION = 1;
				DEVELOPMENT_ASSET_PATHS = "\"VolunteerHoursLogger/Preview Content\"";
				DEVELOPMENT_TEAM = SU5789R8HD;
				ENABLE_PREVIEWS = YES;
				GENERATE_INFOPLIST_FILE = YES;
				INFOPLIST_KEY_UIApplicationSceneManifest_Generation = YES;
				INFOPLIST_KEY_UIApplicationSupportsIndirectInputEvents = YES;
				INFOPLIST_KEY_UILaunchScreen_Generation = YES;
				INFOPLIST_KEY_UISupportedInterfaceOrientations_iPad = "UIInterfaceOrientationPortrait UIInterfaceOrientationPortraitUpsideDown UIInterfaceOrientationLandscapeLeft UIInterfaceOrientationLandscapeRight";
				INFOPLIST_KEY_UISupportedInterfaceOrientations_iPhone = "UIInterfaceOrientationPortrait UIInterfaceOrientationLandscapeLeft UIInterfaceOrientationLandscapeRight";
				LD_RUNPATH_SEARCH_PATHS = (
					"$(inherited)",
					"@executable_path/Frameworks",
				);
				MARKETING_VERSION = 1.0;
				PRODUCT_BUNDLE_IDENTIFIER = com.VolunteerHoursLogger;
				PRODUCT_NAME = Volunteerific;
				SWIFT_EMIT_LOC_STRINGS = YES;
				SWIFT_VERSION = 5.0;
				TARGETED_DEVICE_FAMILY = "1,2";
			};
			name = Release;
		};
		78A028B12A47D60A005DECB7 /* Debug */ = {
			isa = XCBuildConfiguration;
			buildSettings = {
				ALWAYS_EMBED_SWIFT_STANDARD_LIBRARIES = YES;
				BUNDLE_LOADER = "$(TEST_HOST)";
				CODE_SIGN_STYLE = Automatic;
				CURRENT_PROJECT_VERSION = 1;
				GENERATE_INFOPLIST_FILE = YES;
				IPHONEOS_DEPLOYMENT_TARGET = 16.4;
				MARKETING_VERSION = 1.0;
				PRODUCT_BUNDLE_IDENTIFIER = com.VolunteerHoursLoggerTests;
				PRODUCT_NAME = "$(TARGET_NAME)";
				SWIFT_EMIT_LOC_STRINGS = NO;
				SWIFT_VERSION = 5.0;
				TARGETED_DEVICE_FAMILY = "1,2";
				TEST_HOST = "$(BUILT_PRODUCTS_DIR)/VolunteerHoursLogger.app/$(BUNDLE_EXECUTABLE_FOLDER_PATH)/VolunteerHoursLogger";
			};
			name = Debug;
		};
		78A028B22A47D60A005DECB7 /* Release */ = {
			isa = XCBuildConfiguration;
			buildSettings = {
				ALWAYS_EMBED_SWIFT_STANDARD_LIBRARIES = YES;
				BUNDLE_LOADER = "$(TEST_HOST)";
				CODE_SIGN_STYLE = Automatic;
				CURRENT_PROJECT_VERSION = 1;
				GENERATE_INFOPLIST_FILE = YES;
				IPHONEOS_DEPLOYMENT_TARGET = 16.4;
				MARKETING_VERSION = 1.0;
				PRODUCT_BUNDLE_IDENTIFIER = com.VolunteerHoursLoggerTests;
				PRODUCT_NAME = "$(TARGET_NAME)";
				SWIFT_EMIT_LOC_STRINGS = NO;
				SWIFT_VERSION = 5.0;
				TARGETED_DEVICE_FAMILY = "1,2";
				TEST_HOST = "$(BUILT_PRODUCTS_DIR)/VolunteerHoursLogger.app/$(BUNDLE_EXECUTABLE_FOLDER_PATH)/VolunteerHoursLogger";
			};
			name = Release;
		};
		78A028B42A47D60A005DECB7 /* Debug */ = {
			isa = XCBuildConfiguration;
			buildSettings = {
				ALWAYS_EMBED_SWIFT_STANDARD_LIBRARIES = YES;
				CODE_SIGN_STYLE = Automatic;
				CURRENT_PROJECT_VERSION = 1;
				GENERATE_INFOPLIST_FILE = YES;
				MARKETING_VERSION = 1.0;
				PRODUCT_BUNDLE_IDENTIFIER = com.VolunteerHoursLoggerUITests;
				PRODUCT_NAME = "$(TARGET_NAME)";
				SWIFT_EMIT_LOC_STRINGS = NO;
				SWIFT_VERSION = 5.0;
				TARGETED_DEVICE_FAMILY = "1,2";
				TEST_TARGET_NAME = VolunteerHoursLogger;
			};
			name = Debug;
		};
		78A028B52A47D60A005DECB7 /* Release */ = {
			isa = XCBuildConfiguration;
			buildSettings = {
				ALWAYS_EMBED_SWIFT_STANDARD_LIBRARIES = YES;
				CODE_SIGN_STYLE = Automatic;
				CURRENT_PROJECT_VERSION = 1;
				GENERATE_INFOPLIST_FILE = YES;
				MARKETING_VERSION = 1.0;
				PRODUCT_BUNDLE_IDENTIFIER = com.VolunteerHoursLoggerUITests;
				PRODUCT_NAME = "$(TARGET_NAME)";
				SWIFT_EMIT_LOC_STRINGS = NO;
				SWIFT_VERSION = 5.0;
				TARGETED_DEVICE_FAMILY = "1,2";
				TEST_TARGET_NAME = VolunteerHoursLogger;
			};
			name = Release;
		};
/* End XCBuildConfiguration section */

/* Begin XCConfigurationList section */
		78A0287F2A47D607005DECB7 /* Build configuration list for PBXProject "VolunteerHoursLogger" */ = {
			isa = XCConfigurationList;
			buildConfigurations = (
				78A028AB2A47D60A005DECB7 /* Debug */,
				78A028AC2A47D60A005DECB7 /* Release */,
			);
			defaultConfigurationIsVisible = 0;
			defaultConfigurationName = Release;
		};
		78A028AD2A47D60A005DECB7 /* Build configuration list for PBXNativeTarget "VolunteerHoursLogger" */ = {
			isa = XCConfigurationList;
			buildConfigurations = (
				78A028AE2A47D60A005DECB7 /* Debug */,
				78A028AF2A47D60A005DECB7 /* Release */,
			);
			defaultConfigurationIsVisible = 0;
			defaultConfigurationName = Release;
		};
		78A028B02A47D60A005DECB7 /* Build configuration list for PBXNativeTarget "VolunteerHoursLoggerTests" */ = {
			isa = XCConfigurationList;
			buildConfigurations = (
				78A028B12A47D60A005DECB7 /* Debug */,
				78A028B22A47D60A005DECB7 /* Release */,
			);
			defaultConfigurationIsVisible = 0;
			defaultConfigurationName = Release;
		};
		78A028B32A47D60A005DECB7 /* Build configuration list for PBXNativeTarget "VolunteerHoursLoggerUITests" */ = {
			isa = XCConfigurationList;
			buildConfigurations = (
				78A028B42A47D60A005DECB7 /* Debug */,
				78A028B52A47D60A005DECB7 /* Release */,
			);
			defaultConfigurationIsVisible = 0;
			defaultConfigurationName = Release;
		};
/* End XCConfigurationList section */

/* Begin XCRemoteSwiftPackageReference section */
		787DE26D2A4F4EEB0005C0D6 /* XCRemoteSwiftPackageReference "swiftui-digital-signature" */ = {
			isa = XCRemoteSwiftPackageReference;
			repositoryURL = "https://github.com/globulus/swiftui-digital-signature";
			requirement = {
				kind = upToNextMajorVersion;
				minimumVersion = 0.1.2;
			};
		};
/* End XCRemoteSwiftPackageReference section */

/* Begin XCSwiftPackageProductDependency section */
		787DE26E2A4F4EEB0005C0D6 /* SwiftUIDigitalSignature */ = {
			isa = XCSwiftPackageProductDependency;
			package = 787DE26D2A4F4EEB0005C0D6 /* XCRemoteSwiftPackageReference "swiftui-digital-signature" */;
			productName = SwiftUIDigitalSignature;
		};
/* End XCSwiftPackageProductDependency section */

/* Begin XCVersionGroup section */
		78A028922A47D609005DECB7 /* VolunteerHoursLogger.xcdatamodeld */ = {
			isa = XCVersionGroup;
			children = (
				78A028932A47D609005DECB7 /* VolunteerHoursLogger.xcdatamodel */,
			);
			currentVersion = 78A028932A47D609005DECB7 /* VolunteerHoursLogger.xcdatamodel */;
			path = VolunteerHoursLogger.xcdatamodeld;
			sourceTree = "<group>";
			versionGroupType = wrapper.xcdatamodel;
		};
/* End XCVersionGroup section */
	};
	rootObject = 78A0287C2A47D607005DECB7 /* Project object */;
}
